PODS:
  - BubbleViewController (0.1.0)

DEPENDENCIES:
  - BubbleViewController (from `../`)

EXTERNAL SOURCES:
  BubbleViewController:
    :path: "../"

SPEC CHECKSUMS:
  BubbleViewController: 99b3d78994b1479847b2610739ddb85c4fdc369a

PODFILE CHECKSUM: 84b66bae748d1510c035346c86cfdbaeb50672a4

COCOAPODS: 1.0.0.rc.2
